
Microsoft Visual Studio Solution File, Format Version 12.00
# Visual Studio Version 17
VisualStudioVersion = 17.8.34309.116
MinimumVisualStudioVersion = 10.0.40219.1
Project("{8BC9CEB8-8B4A-11D0-8D11-00A0C91BC942}") = "Trabalho M3 Labirinto", "Trabalho M3 Labirinto.vcxproj", "{1A7BB9AF-08FE-4C2F-B0E3-C3ED1A634C39}"
EndProject
Project("{8BC9CEB8-8B4A-11D0-8D11-00A0C91BC942}") = "SOKOBAN M2", "..\..\..\Felski\Trabalho labirinto M2\labirinto m2\v0.2\SOKOBAN M2\SOKOBAN M2.vcxproj", "{3DB46C02-6592-4539-8D80-E4A991D5F337}"
EndProject
Global
	GlobalSection(SolutionConfigurationPlatforms) = preSolution
		Debug|x64 = Debug|x64
		Debug|x86 = Debug|x86
		Release|x64 = Release|x64
		Release|x86 = Release|x86
	EndGlobalSection
	GlobalSection(ProjectConfigurationPlatforms) = postSolution
		{1A7BB9AF-08FE-4C2F-B0E3-C3ED1A634C39}.Debug|x64.ActiveCfg = Debug|x64
		{1A7BB9AF-08FE-4C2F-B0E3-C3ED1A634C39}.Debug|x64.Build.0 = Debug|x64
		{1A7BB9AF-08FE-4C2F-B0E3-C3ED1A634C39}.Debug|x86.ActiveCfg = Debug|Win32
		{1A7BB9AF-08FE-4C2F-B0E3-C3ED1A634C39}.Debug|x86.Build.0 = Debug|Win32
		{1A7BB9AF-08FE-4C2F-B0E3-C3ED1A634C39}.Release|x64.ActiveCfg = Release|x64
		{1A7BB9AF-08FE-4C2F-B0E3-C3ED1A634C39}.Release|x64.Build.0 = Release|x64
		{1A7BB9AF-08FE-4C2F-B0E3-C3ED1A634C39}.Release|x86.ActiveCfg = Release|Win32
		{1A7BB9AF-08FE-4C2F-B0E3-C3ED1A634C39}.Release|x86.Build.0 = Release|Win32
		{3DB46C02-6592-4539-8D80-E4A991D5F337}.Debug|x64.ActiveCfg = Debug|x64
		{3DB46C02-6592-4539-8D80-E4A991D5F337}.Debug|x64.Build.0 = Debug|x64
		{3DB46C02-6592-4539-8D80-E4A991D5F337}.Debug|x86.ActiveCfg = Debug|Win32
		{3DB46C02-6592-4539-8D80-E4A991D5F337}.Debug|x86.Build.0 = Debug|Win32
		{3DB46C02-6592-4539-8D80-E4A991D5F337}.Release|x64.ActiveCfg = Release|x64
		{3DB46C02-6592-4539-8D80-E4A991D5F337}.Release|x64.Build.0 = Release|x64
		{3DB46C02-6592-4539-8D80-E4A991D5F337}.Release|x86.ActiveCfg = Release|Win32
		{3DB46C02-6592-4539-8D80-E4A991D5F337}.Release|x86.Build.0 = Release|Win32
	EndGlobalSection
	GlobalSection(SolutionProperties) = preSolution
		HideSolutionNode = FALSE
	EndGlobalSection
	GlobalSection(ExtensibilityGlobals) = postSolution
		SolutionGuid = {45C411C4-793F-4A69-8DB0-5CE20F9F6D29}
	EndGlobalSection
EndGlobal
